
Microsoft Visual Studio Solution File, Format Version 12.00
# Visual Studio Version 16
VisualStudioVersion = 16.0.29920.165
MinimumVisualStudioVersion = 10.0.40219.1
Project("{8BC9CEB8-8B4A-11D0-8D11-00A0C91BC942}") = "Vjezbanje1", "Vjezbanje1\Vjezbanje1.vcxproj", "{9F3A5C73-092F-41B7-90E3-F0C096F76E32}"
EndProject
Global
	GlobalSection(SolutionConfigurationPlatforms) = preSolution
		Debug|x64 = Debug|x64
		Debug|x86 = Debug|x86
		Release|x64 = Release|x64
		Release|x86 = Release|x86
	EndGlobalSection
	GlobalSection(ProjectConfigurationPlatforms) = postSolution
		{9F3A5C73-092F-41B7-90E3-F0C096F76E32}.Debug|x64.ActiveCfg = Debug|x64
		{9F3A5C73-092F-41B7-90E3-F0C096F76E32}.Debug|x64.Build.0 = Debug|x64
		{9F3A5C73-092F-41B7-90E3-F0C096F76E32}.Debug|x86.ActiveCfg = Debug|Win32
		{9F3A5C73-092F-41B7-90E3-F0C096F76E32}.Debug|x86.Build.0 = Debug|Win32
		{9F3A5C73-092F-41B7-90E3-F0C096F76E32}.Release|x64.ActiveCfg = Release|x64
		{9F3A5C73-092F-41B7-90E3-F0C096F76E32}.Release|x64.Build.0 = Release|x64
		{9F3A5C73-092F-41B7-90E3-F0C096F76E32}.Release|x86.ActiveCfg = Release|Win32
		{9F3A5C73-092F-41B7-90E3-F0C096F76E32}.Release|x86.Build.0 = Release|Win32
	EndGlobalSection
	GlobalSection(SolutionProperties) = preSolution
		HideSolutionNode = FALSE
	EndGlobalSection
	GlobalSection(ExtensibilityGlobals) = postSolution
		SolutionGuid = {46E8F925-9ABC-436E-BFF1-609F37541E7C}
	EndGlobalSection
EndGlobal
