
Microsoft Visual Studio Solution File, Format Version 12.00
# Visual Studio Version 16
VisualStudioVersion = 16.0.30011.22
MinimumVisualStudioVersion = 10.0.40219.1
Project("{8BC9CEB8-8B4A-11D0-8D11-00A0C91BC942}") = "Lekcija1", "Lekcija1\Lekcija1.vcxproj", "{9DCCF465-21D7-4D06-82E8-251FC93C7C28}"
EndProject
Project("{8BC9CEB8-8B4A-11D0-8D11-00A0C91BC942}") = "Lekcija1_2", "Lekcija1_2\Lekcija1_2.vcxproj", "{6771D5B1-0A9D-42D6-82E8-47DB6EB16740}"
EndProject
Project("{8BC9CEB8-8B4A-11D0-8D11-00A0C91BC942}") = "Lekcija1_3", "Lekcija1_3\Lekcija1_3.vcxproj", "{C98371F1-A385-4E6F-8708-00533C1FD80E}"
EndProject
Project("{8BC9CEB8-8B4A-11D0-8D11-00A0C91BC942}") = "Lekcija2", "Lekcija2\Lekcija2.vcxproj", "{F6ED26C1-D6D8-4C3B-BDF6-D0A8B300E20F}"
EndProject
Project("{8BC9CEB8-8B4A-11D0-8D11-00A0C91BC942}") = "Lekcija2_2", "Lekcija2_2\Lekcija2_2.vcxproj", "{7DF7DFC7-E4CD-4037-BD43-AB2E282D79D9}"
EndProject
Project("{8BC9CEB8-8B4A-11D0-8D11-00A0C91BC942}") = "Lekcija3", "Lekcija3\Lekcija3.vcxproj", "{8451B378-60B2-4A13-B1BF-E138197AACF4}"
EndProject
Project("{8BC9CEB8-8B4A-11D0-8D11-00A0C91BC942}") = "Lekcija3_2", "Lekcija3_2\Lekcija3_2.vcxproj", "{C15957B2-AE6F-488A-ABDD-1F0C6F3D3A6B}"
EndProject
Project("{8BC9CEB8-8B4A-11D0-8D11-00A0C91BC942}") = "Lekcija4", "Lekcija4\Lekcija4.vcxproj", "{EFAF1C55-13C0-4A45-A2EA-83CE29C9CEB0}"
EndProject
Project("{8BC9CEB8-8B4A-11D0-8D11-00A0C91BC942}") = "Lekcija4_2", "Lekcija4_2\Lekcija4_2.vcxproj", "{F8D434E4-AAB1-4E93-B5F7-8B4E226C9019}"
EndProject
Project("{8BC9CEB8-8B4A-11D0-8D11-00A0C91BC942}") = "Lekcija4_3", "Lekcija4_3\Lekcija4_3.vcxproj", "{A01FAA38-5045-4607-8939-13AFF95C4C4D}"
EndProject
Project("{8BC9CEB8-8B4A-11D0-8D11-00A0C91BC942}") = "Lekcija5", "Lekcija5\Lekcija5.vcxproj", "{74F03CBA-8738-4241-A1CC-E36180234087}"
EndProject
Project("{8BC9CEB8-8B4A-11D0-8D11-00A0C91BC942}") = "Lekcija5_2", "Lekcija5_2\Lekcija5_2.vcxproj", "{3AE92E46-B220-4820-886C-C70342BF4A12}"
EndProject
Project("{8BC9CEB8-8B4A-11D0-8D11-00A0C91BC942}") = "PrviParcijalniPrimjer", "PrviParcijalniPrimjer\PrviParcijalniPrimjer.vcxproj", "{5E35D550-BDBA-4942-A332-3838C2B544BD}"
EndProject
Global
	GlobalSection(SolutionConfigurationPlatforms) = preSolution
		Debug|x64 = Debug|x64
		Debug|x86 = Debug|x86
		Release|x64 = Release|x64
		Release|x86 = Release|x86
	EndGlobalSection
	GlobalSection(ProjectConfigurationPlatforms) = postSolution
		{9DCCF465-21D7-4D06-82E8-251FC93C7C28}.Debug|x64.ActiveCfg = Debug|x64
		{9DCCF465-21D7-4D06-82E8-251FC93C7C28}.Debug|x64.Build.0 = Debug|x64
		{9DCCF465-21D7-4D06-82E8-251FC93C7C28}.Debug|x86.ActiveCfg = Debug|Win32
		{9DCCF465-21D7-4D06-82E8-251FC93C7C28}.Debug|x86.Build.0 = Debug|Win32
		{9DCCF465-21D7-4D06-82E8-251FC93C7C28}.Release|x64.ActiveCfg = Release|x64
		{9DCCF465-21D7-4D06-82E8-251FC93C7C28}.Release|x64.Build.0 = Release|x64
		{9DCCF465-21D7-4D06-82E8-251FC93C7C28}.Release|x86.ActiveCfg = Release|Win32
		{9DCCF465-21D7-4D06-82E8-251FC93C7C28}.Release|x86.Build.0 = Release|Win32
		{6771D5B1-0A9D-42D6-82E8-47DB6EB16740}.Debug|x64.ActiveCfg = Debug|x64
		{6771D5B1-0A9D-42D6-82E8-47DB6EB16740}.Debug|x64.Build.0 = Debug|x64
		{6771D5B1-0A9D-42D6-82E8-47DB6EB16740}.Debug|x86.ActiveCfg = Debug|Win32
		{6771D5B1-0A9D-42D6-82E8-47DB6EB16740}.Debug|x86.Build.0 = Debug|Win32
		{6771D5B1-0A9D-42D6-82E8-47DB6EB16740}.Release|x64.ActiveCfg = Release|x64
		{6771D5B1-0A9D-42D6-82E8-47DB6EB16740}.Release|x64.Build.0 = Release|x64
		{6771D5B1-0A9D-42D6-82E8-47DB6EB16740}.Release|x86.ActiveCfg = Release|Win32
		{6771D5B1-0A9D-42D6-82E8-47DB6EB16740}.Release|x86.Build.0 = Release|Win32
		{C98371F1-A385-4E6F-8708-00533C1FD80E}.Debug|x64.ActiveCfg = Debug|x64
		{C98371F1-A385-4E6F-8708-00533C1FD80E}.Debug|x64.Build.0 = Debug|x64
		{C98371F1-A385-4E6F-8708-00533C1FD80E}.Debug|x86.ActiveCfg = Debug|Win32
		{C98371F1-A385-4E6F-8708-00533C1FD80E}.Debug|x86.Build.0 = Debug|Win32
		{C98371F1-A385-4E6F-8708-00533C1FD80E}.Release|x64.ActiveCfg = Release|x64
		{C98371F1-A385-4E6F-8708-00533C1FD80E}.Release|x64.Build.0 = Release|x64
		{C98371F1-A385-4E6F-8708-00533C1FD80E}.Release|x86.ActiveCfg = Release|Win32
		{C98371F1-A385-4E6F-8708-00533C1FD80E}.Release|x86.Build.0 = Release|Win32
		{F6ED26C1-D6D8-4C3B-BDF6-D0A8B300E20F}.Debug|x64.ActiveCfg = Debug|x64
		{F6ED26C1-D6D8-4C3B-BDF6-D0A8B300E20F}.Debug|x64.Build.0 = Debug|x64
		{F6ED26C1-D6D8-4C3B-BDF6-D0A8B300E20F}.Debug|x86.ActiveCfg = Debug|Win32
		{F6ED26C1-D6D8-4C3B-BDF6-D0A8B300E20F}.Debug|x86.Build.0 = Debug|Win32
		{F6ED26C1-D6D8-4C3B-BDF6-D0A8B300E20F}.Release|x64.ActiveCfg = Release|x64
		{F6ED26C1-D6D8-4C3B-BDF6-D0A8B300E20F}.Release|x64.Build.0 = Release|x64
		{F6ED26C1-D6D8-4C3B-BDF6-D0A8B300E20F}.Release|x86.ActiveCfg = Release|Win32
		{F6ED26C1-D6D8-4C3B-BDF6-D0A8B300E20F}.Release|x86.Build.0 = Release|Win32
		{7DF7DFC7-E4CD-4037-BD43-AB2E282D79D9}.Debug|x64.ActiveCfg = Debug|x64
		{7DF7DFC7-E4CD-4037-BD43-AB2E282D79D9}.Debug|x64.Build.0 = Debug|x64
		{7DF7DFC7-E4CD-4037-BD43-AB2E282D79D9}.Debug|x86.ActiveCfg = Debug|Win32
		{7DF7DFC7-E4CD-4037-BD43-AB2E282D79D9}.Debug|x86.Build.0 = Debug|Win32
		{7DF7DFC7-E4CD-4037-BD43-AB2E282D79D9}.Release|x64.ActiveCfg = Release|x64
		{7DF7DFC7-E4CD-4037-BD43-AB2E282D79D9}.Release|x64.Build.0 = Release|x64
		{7DF7DFC7-E4CD-4037-BD43-AB2E282D79D9}.Release|x86.ActiveCfg = Release|Win32
		{7DF7DFC7-E4CD-4037-BD43-AB2E282D79D9}.Release|x86.Build.0 = Release|Win32
		{8451B378-60B2-4A13-B1BF-E138197AACF4}.Debug|x64.ActiveCfg = Debug|x64
		{8451B378-60B2-4A13-B1BF-E138197AACF4}.Debug|x64.Build.0 = Debug|x64
		{8451B378-60B2-4A13-B1BF-E138197AACF4}.Debug|x86.ActiveCfg = Debug|Win32
		{8451B378-60B2-4A13-B1BF-E138197AACF4}.Debug|x86.Build.0 = Debug|Win32
		{8451B378-60B2-4A13-B1BF-E138197AACF4}.Release|x64.ActiveCfg = Release|x64
		{8451B378-60B2-4A13-B1BF-E138197AACF4}.Release|x64.Build.0 = Release|x64
		{8451B378-60B2-4A13-B1BF-E138197AACF4}.Release|x86.ActiveCfg = Release|Win32
		{8451B378-60B2-4A13-B1BF-E138197AACF4}.Release|x86.Build.0 = Release|Win32
		{C15957B2-AE6F-488A-ABDD-1F0C6F3D3A6B}.Debug|x64.ActiveCfg = Debug|x64
		{C15957B2-AE6F-488A-ABDD-1F0C6F3D3A6B}.Debug|x64.Build.0 = Debug|x64
		{C15957B2-AE6F-488A-ABDD-1F0C6F3D3A6B}.Debug|x86.ActiveCfg = Debug|Win32
		{C15957B2-AE6F-488A-ABDD-1F0C6F3D3A6B}.Debug|x86.Build.0 = Debug|Win32
		{C15957B2-AE6F-488A-ABDD-1F0C6F3D3A6B}.Release|x64.ActiveCfg = Release|x64
		{C15957B2-AE6F-488A-ABDD-1F0C6F3D3A6B}.Release|x64.Build.0 = Release|x64
		{C15957B2-AE6F-488A-ABDD-1F0C6F3D3A6B}.Release|x86.ActiveCfg = Release|Win32
		{C15957B2-AE6F-488A-ABDD-1F0C6F3D3A6B}.Release|x86.Build.0 = Release|Win32
		{EFAF1C55-13C0-4A45-A2EA-83CE29C9CEB0}.Debug|x64.ActiveCfg = Debug|x64
		{EFAF1C55-13C0-4A45-A2EA-83CE29C9CEB0}.Debug|x64.Build.0 = Debug|x64
		{EFAF1C55-13C0-4A45-A2EA-83CE29C9CEB0}.Debug|x86.ActiveCfg = Debug|Win32
		{EFAF1C55-13C0-4A45-A2EA-83CE29C9CEB0}.Debug|x86.Build.0 = Debug|Win32
		{EFAF1C55-13C0-4A45-A2EA-83CE29C9CEB0}.Release|x64.ActiveCfg = Release|x64
		{EFAF1C55-13C0-4A45-A2EA-83CE29C9CEB0}.Release|x64.Build.0 = Release|x64
		{EFAF1C55-13C0-4A45-A2EA-83CE29C9CEB0}.Release|x86.ActiveCfg = Release|Win32
		{EFAF1C55-13C0-4A45-A2EA-83CE29C9CEB0}.Release|x86.Build.0 = Release|Win32
		{F8D434E4-AAB1-4E93-B5F7-8B4E226C9019}.Debug|x64.ActiveCfg = Debug|x64
		{F8D434E4-AAB1-4E93-B5F7-8B4E226C9019}.Debug|x64.Build.0 = Debug|x64
		{F8D434E4-AAB1-4E93-B5F7-8B4E226C9019}.Debug|x86.ActiveCfg = Debug|Win32
		{F8D434E4-AAB1-4E93-B5F7-8B4E226C9019}.Debug|x86.Build.0 = Debug|Win32
		{F8D434E4-AAB1-4E93-B5F7-8B4E226C9019}.Release|x64.ActiveCfg = Release|x64
		{F8D434E4-AAB1-4E93-B5F7-8B4E226C9019}.Release|x64.Build.0 = Release|x64
		{F8D434E4-AAB1-4E93-B5F7-8B4E226C9019}.Release|x86.ActiveCfg = Release|Win32
		{F8D434E4-AAB1-4E93-B5F7-8B4E226C9019}.Release|x86.Build.0 = Release|Win32
		{A01FAA38-5045-4607-8939-13AFF95C4C4D}.Debug|x64.ActiveCfg = Debug|x64
		{A01FAA38-5045-4607-8939-13AFF95C4C4D}.Debug|x64.Build.0 = Debug|x64
		{A01FAA38-5045-4607-8939-13AFF95C4C4D}.Debug|x86.ActiveCfg = Debug|Win32
		{A01FAA38-5045-4607-8939-13AFF95C4C4D}.Debug|x86.Build.0 = Debug|Win32
		{A01FAA38-5045-4607-8939-13AFF95C4C4D}.Release|x64.ActiveCfg = Release|x64
		{A01FAA38-5045-4607-8939-13AFF95C4C4D}.Release|x64.Build.0 = Release|x64
		{A01FAA38-5045-4607-8939-13AFF95C4C4D}.Release|x86.ActiveCfg = Release|Win32
		{A01FAA38-5045-4607-8939-13AFF95C4C4D}.Release|x86.Build.0 = Release|Win32
		{74F03CBA-8738-4241-A1CC-E36180234087}.Debug|x64.ActiveCfg = Debug|x64
		{74F03CBA-8738-4241-A1CC-E36180234087}.Debug|x64.Build.0 = Debug|x64
		{74F03CBA-8738-4241-A1CC-E36180234087}.Debug|x86.ActiveCfg = Debug|Win32
		{74F03CBA-8738-4241-A1CC-E36180234087}.Debug|x86.Build.0 = Debug|Win32
		{74F03CBA-8738-4241-A1CC-E36180234087}.Release|x64.ActiveCfg = Release|x64
		{74F03CBA-8738-4241-A1CC-E36180234087}.Release|x64.Build.0 = Release|x64
		{74F03CBA-8738-4241-A1CC-E36180234087}.Release|x86.ActiveCfg = Release|Win32
		{74F03CBA-8738-4241-A1CC-E36180234087}.Release|x86.Build.0 = Release|Win32
		{3AE92E46-B220-4820-886C-C70342BF4A12}.Debug|x64.ActiveCfg = Debug|x64
		{3AE92E46-B220-4820-886C-C70342BF4A12}.Debug|x64.Build.0 = Debug|x64
		{3AE92E46-B220-4820-886C-C70342BF4A12}.Debug|x86.ActiveCfg = Debug|Win32
		{3AE92E46-B220-4820-886C-C70342BF4A12}.Debug|x86.Build.0 = Debug|Win32
		{3AE92E46-B220-4820-886C-C70342BF4A12}.Release|x64.ActiveCfg = Release|x64
		{3AE92E46-B220-4820-886C-C70342BF4A12}.Release|x64.Build.0 = Release|x64
		{3AE92E46-B220-4820-886C-C70342BF4A12}.Release|x86.ActiveCfg = Release|Win32
		{3AE92E46-B220-4820-886C-C70342BF4A12}.Release|x86.Build.0 = Release|Win32
		{5E35D550-BDBA-4942-A332-3838C2B544BD}.Debug|x64.ActiveCfg = Debug|x64
		{5E35D550-BDBA-4942-A332-3838C2B544BD}.Debug|x64.Build.0 = Debug|x64
		{5E35D550-BDBA-4942-A332-3838C2B544BD}.Debug|x86.ActiveCfg = Debug|Win32
		{5E35D550-BDBA-4942-A332-3838C2B544BD}.Debug|x86.Build.0 = Debug|Win32
		{5E35D550-BDBA-4942-A332-3838C2B544BD}.Release|x64.ActiveCfg = Release|x64
		{5E35D550-BDBA-4942-A332-3838C2B544BD}.Release|x64.Build.0 = Release|x64
		{5E35D550-BDBA-4942-A332-3838C2B544BD}.Release|x86.ActiveCfg = Release|Win32
		{5E35D550-BDBA-4942-A332-3838C2B544BD}.Release|x86.Build.0 = Release|Win32
	EndGlobalSection
	GlobalSection(SolutionProperties) = preSolution
		HideSolutionNode = FALSE
	EndGlobalSection
	GlobalSection(ExtensibilityGlobals) = postSolution
		SolutionGuid = {938A6DB5-77C8-428B-8D21-940B62A89564}
	EndGlobalSection
EndGlobal
