
Microsoft Visual Studio Solution File, Format Version 12.00
# Visual Studio Version 16
VisualStudioVersion = 16.0.30128.74
MinimumVisualStudioVersion = 10.0.40219.1
Project("{8BC9CEB8-8B4A-11D0-8D11-00A0C91BC942}") = "PredlosciVjezba", "PredlosciVjezba\PredlosciVjezba.vcxproj", "{76BBFD9D-E9B8-49DF-9F8B-4CE92F726298}"
EndProject
Project("{8BC9CEB8-8B4A-11D0-8D11-00A0C91BC942}") = "VJ-9_GenerickiKontejner", "VJ-9_GenerickiKontejner\VJ-9_GenerickiKontejner.vcxproj", "{09F41F6F-1697-4439-8058-F998AF378AAA}"
EndProject
Project("{8BC9CEB8-8B4A-11D0-8D11-00A0C91BC942}") = "VJ-9_NajcesceIme", "VJ-9_NajcesceIme\VJ-9_NajcesceIme.vcxproj", "{08C7FB43-B563-48C1-A1C7-AEA6D46FCDB5}"
EndProject
Project("{8BC9CEB8-8B4A-11D0-8D11-00A0C91BC942}") = "VJ-9_Matematika", "VJ-9_Matematika\VJ-9_Matematika.vcxproj", "{EE009A40-A0C5-4966-B353-102D4F36E70C}"
EndProject
Project("{8BC9CEB8-8B4A-11D0-8D11-00A0C91BC942}") = "LambdaVjezba", "LambdaVjezba\LambdaVjezba.vcxproj", "{7CCBB9D4-C9F8-4B83-9049-2056A4B05624}"
EndProject
Project("{8BC9CEB8-8B4A-11D0-8D11-00A0C91BC942}") = "VJ-10_Lamba1", "VJ-10_Lamba1\VJ-10_Lamba1.vcxproj", "{035B4107-B20A-40CF-8D38-6C1BCB17DBE6}"
EndProject
Project("{8BC9CEB8-8B4A-11D0-8D11-00A0C91BC942}") = "VJ-10_Lambda2", "VJ-10_Lambda2\VJ-10_Lambda2.vcxproj", "{C2A8C353-4EA3-4F04-8AD3-73890891E166}"
EndProject
Project("{8BC9CEB8-8B4A-11D0-8D11-00A0C91BC942}") = "Teorija", "Teorija\Teorija.vcxproj", "{27622D9E-69C4-4882-9C47-5FA77C0FB48A}"
EndProject
Project("{8BC9CEB8-8B4A-11D0-8D11-00A0C91BC942}") = "Zadatak1", "Zadatak1\Zadatak1.vcxproj", "{1CDF5B01-02AC-4524-89C1-3313F6314A3C}"
EndProject
Project("{8BC9CEB8-8B4A-11D0-8D11-00A0C91BC942}") = "Zadatak2", "Zadatak2\Zadatak2.vcxproj", "{46295CD4-2B48-4CF1-BFE5-8AED669E03C3}"
EndProject
Project("{8BC9CEB8-8B4A-11D0-8D11-00A0C91BC942}") = "Zadatak3", "Zadatak3\Zadatak3.vcxproj", "{A7831ADC-EFD4-40BD-8628-D4086238A10C}"
EndProject
Project("{8BC9CEB8-8B4A-11D0-8D11-00A0C91BC942}") = "Zadatak4", "Zadatak4\Zadatak4.vcxproj", "{213C2C3B-257E-493E-A285-838B83FB82D4}"
EndProject
Project("{8BC9CEB8-8B4A-11D0-8D11-00A0C91BC942}") = "Zadatak5", "Zadatak5\Zadatak5.vcxproj", "{378CE89A-D3CC-4D0C-B5B5-D22614F863B7}"
EndProject
Global
	GlobalSection(SolutionConfigurationPlatforms) = preSolution
		Debug|x64 = Debug|x64
		Debug|x86 = Debug|x86
		Release|x64 = Release|x64
		Release|x86 = Release|x86
	EndGlobalSection
	GlobalSection(ProjectConfigurationPlatforms) = postSolution
		{76BBFD9D-E9B8-49DF-9F8B-4CE92F726298}.Debug|x64.ActiveCfg = Debug|x64
		{76BBFD9D-E9B8-49DF-9F8B-4CE92F726298}.Debug|x64.Build.0 = Debug|x64
		{76BBFD9D-E9B8-49DF-9F8B-4CE92F726298}.Debug|x86.ActiveCfg = Debug|Win32
		{76BBFD9D-E9B8-49DF-9F8B-4CE92F726298}.Debug|x86.Build.0 = Debug|Win32
		{76BBFD9D-E9B8-49DF-9F8B-4CE92F726298}.Release|x64.ActiveCfg = Release|x64
		{76BBFD9D-E9B8-49DF-9F8B-4CE92F726298}.Release|x64.Build.0 = Release|x64
		{76BBFD9D-E9B8-49DF-9F8B-4CE92F726298}.Release|x86.ActiveCfg = Release|Win32
		{76BBFD9D-E9B8-49DF-9F8B-4CE92F726298}.Release|x86.Build.0 = Release|Win32
		{09F41F6F-1697-4439-8058-F998AF378AAA}.Debug|x64.ActiveCfg = Debug|x64
		{09F41F6F-1697-4439-8058-F998AF378AAA}.Debug|x64.Build.0 = Debug|x64
		{09F41F6F-1697-4439-8058-F998AF378AAA}.Debug|x86.ActiveCfg = Debug|Win32
		{09F41F6F-1697-4439-8058-F998AF378AAA}.Debug|x86.Build.0 = Debug|Win32
		{09F41F6F-1697-4439-8058-F998AF378AAA}.Release|x64.ActiveCfg = Release|x64
		{09F41F6F-1697-4439-8058-F998AF378AAA}.Release|x64.Build.0 = Release|x64
		{09F41F6F-1697-4439-8058-F998AF378AAA}.Release|x86.ActiveCfg = Release|Win32
		{09F41F6F-1697-4439-8058-F998AF378AAA}.Release|x86.Build.0 = Release|Win32
		{08C7FB43-B563-48C1-A1C7-AEA6D46FCDB5}.Debug|x64.ActiveCfg = Debug|x64
		{08C7FB43-B563-48C1-A1C7-AEA6D46FCDB5}.Debug|x64.Build.0 = Debug|x64
		{08C7FB43-B563-48C1-A1C7-AEA6D46FCDB5}.Debug|x86.ActiveCfg = Debug|Win32
		{08C7FB43-B563-48C1-A1C7-AEA6D46FCDB5}.Debug|x86.Build.0 = Debug|Win32
		{08C7FB43-B563-48C1-A1C7-AEA6D46FCDB5}.Release|x64.ActiveCfg = Release|x64
		{08C7FB43-B563-48C1-A1C7-AEA6D46FCDB5}.Release|x64.Build.0 = Release|x64
		{08C7FB43-B563-48C1-A1C7-AEA6D46FCDB5}.Release|x86.ActiveCfg = Release|Win32
		{08C7FB43-B563-48C1-A1C7-AEA6D46FCDB5}.Release|x86.Build.0 = Release|Win32
		{EE009A40-A0C5-4966-B353-102D4F36E70C}.Debug|x64.ActiveCfg = Debug|x64
		{EE009A40-A0C5-4966-B353-102D4F36E70C}.Debug|x64.Build.0 = Debug|x64
		{EE009A40-A0C5-4966-B353-102D4F36E70C}.Debug|x86.ActiveCfg = Debug|Win32
		{EE009A40-A0C5-4966-B353-102D4F36E70C}.Debug|x86.Build.0 = Debug|Win32
		{EE009A40-A0C5-4966-B353-102D4F36E70C}.Release|x64.ActiveCfg = Release|x64
		{EE009A40-A0C5-4966-B353-102D4F36E70C}.Release|x64.Build.0 = Release|x64
		{EE009A40-A0C5-4966-B353-102D4F36E70C}.Release|x86.ActiveCfg = Release|Win32
		{EE009A40-A0C5-4966-B353-102D4F36E70C}.Release|x86.Build.0 = Release|Win32
		{7CCBB9D4-C9F8-4B83-9049-2056A4B05624}.Debug|x64.ActiveCfg = Debug|x64
		{7CCBB9D4-C9F8-4B83-9049-2056A4B05624}.Debug|x64.Build.0 = Debug|x64
		{7CCBB9D4-C9F8-4B83-9049-2056A4B05624}.Debug|x86.ActiveCfg = Debug|Win32
		{7CCBB9D4-C9F8-4B83-9049-2056A4B05624}.Debug|x86.Build.0 = Debug|Win32
		{7CCBB9D4-C9F8-4B83-9049-2056A4B05624}.Release|x64.ActiveCfg = Release|x64
		{7CCBB9D4-C9F8-4B83-9049-2056A4B05624}.Release|x64.Build.0 = Release|x64
		{7CCBB9D4-C9F8-4B83-9049-2056A4B05624}.Release|x86.ActiveCfg = Release|Win32
		{7CCBB9D4-C9F8-4B83-9049-2056A4B05624}.Release|x86.Build.0 = Release|Win32
		{035B4107-B20A-40CF-8D38-6C1BCB17DBE6}.Debug|x64.ActiveCfg = Debug|x64
		{035B4107-B20A-40CF-8D38-6C1BCB17DBE6}.Debug|x64.Build.0 = Debug|x64
		{035B4107-B20A-40CF-8D38-6C1BCB17DBE6}.Debug|x86.ActiveCfg = Debug|Win32
		{035B4107-B20A-40CF-8D38-6C1BCB17DBE6}.Debug|x86.Build.0 = Debug|Win32
		{035B4107-B20A-40CF-8D38-6C1BCB17DBE6}.Release|x64.ActiveCfg = Release|x64
		{035B4107-B20A-40CF-8D38-6C1BCB17DBE6}.Release|x64.Build.0 = Release|x64
		{035B4107-B20A-40CF-8D38-6C1BCB17DBE6}.Release|x86.ActiveCfg = Release|Win32
		{035B4107-B20A-40CF-8D38-6C1BCB17DBE6}.Release|x86.Build.0 = Release|Win32
		{C2A8C353-4EA3-4F04-8AD3-73890891E166}.Debug|x64.ActiveCfg = Debug|x64
		{C2A8C353-4EA3-4F04-8AD3-73890891E166}.Debug|x64.Build.0 = Debug|x64
		{C2A8C353-4EA3-4F04-8AD3-73890891E166}.Debug|x86.ActiveCfg = Debug|Win32
		{C2A8C353-4EA3-4F04-8AD3-73890891E166}.Debug|x86.Build.0 = Debug|Win32
		{C2A8C353-4EA3-4F04-8AD3-73890891E166}.Release|x64.ActiveCfg = Release|x64
		{C2A8C353-4EA3-4F04-8AD3-73890891E166}.Release|x64.Build.0 = Release|x64
		{C2A8C353-4EA3-4F04-8AD3-73890891E166}.Release|x86.ActiveCfg = Release|Win32
		{C2A8C353-4EA3-4F04-8AD3-73890891E166}.Release|x86.Build.0 = Release|Win32
		{27622D9E-69C4-4882-9C47-5FA77C0FB48A}.Debug|x64.ActiveCfg = Debug|x64
		{27622D9E-69C4-4882-9C47-5FA77C0FB48A}.Debug|x64.Build.0 = Debug|x64
		{27622D9E-69C4-4882-9C47-5FA77C0FB48A}.Debug|x86.ActiveCfg = Debug|Win32
		{27622D9E-69C4-4882-9C47-5FA77C0FB48A}.Debug|x86.Build.0 = Debug|Win32
		{27622D9E-69C4-4882-9C47-5FA77C0FB48A}.Release|x64.ActiveCfg = Release|x64
		{27622D9E-69C4-4882-9C47-5FA77C0FB48A}.Release|x64.Build.0 = Release|x64
		{27622D9E-69C4-4882-9C47-5FA77C0FB48A}.Release|x86.ActiveCfg = Release|Win32
		{27622D9E-69C4-4882-9C47-5FA77C0FB48A}.Release|x86.Build.0 = Release|Win32
		{1CDF5B01-02AC-4524-89C1-3313F6314A3C}.Debug|x64.ActiveCfg = Debug|x64
		{1CDF5B01-02AC-4524-89C1-3313F6314A3C}.Debug|x64.Build.0 = Debug|x64
		{1CDF5B01-02AC-4524-89C1-3313F6314A3C}.Debug|x86.ActiveCfg = Debug|Win32
		{1CDF5B01-02AC-4524-89C1-3313F6314A3C}.Debug|x86.Build.0 = Debug|Win32
		{1CDF5B01-02AC-4524-89C1-3313F6314A3C}.Release|x64.ActiveCfg = Release|x64
		{1CDF5B01-02AC-4524-89C1-3313F6314A3C}.Release|x64.Build.0 = Release|x64
		{1CDF5B01-02AC-4524-89C1-3313F6314A3C}.Release|x86.ActiveCfg = Release|Win32
		{1CDF5B01-02AC-4524-89C1-3313F6314A3C}.Release|x86.Build.0 = Release|Win32
		{46295CD4-2B48-4CF1-BFE5-8AED669E03C3}.Debug|x64.ActiveCfg = Debug|x64
		{46295CD4-2B48-4CF1-BFE5-8AED669E03C3}.Debug|x64.Build.0 = Debug|x64
		{46295CD4-2B48-4CF1-BFE5-8AED669E03C3}.Debug|x86.ActiveCfg = Debug|Win32
		{46295CD4-2B48-4CF1-BFE5-8AED669E03C3}.Debug|x86.Build.0 = Debug|Win32
		{46295CD4-2B48-4CF1-BFE5-8AED669E03C3}.Release|x64.ActiveCfg = Release|x64
		{46295CD4-2B48-4CF1-BFE5-8AED669E03C3}.Release|x64.Build.0 = Release|x64
		{46295CD4-2B48-4CF1-BFE5-8AED669E03C3}.Release|x86.ActiveCfg = Release|Win32
		{46295CD4-2B48-4CF1-BFE5-8AED669E03C3}.Release|x86.Build.0 = Release|Win32
		{A7831ADC-EFD4-40BD-8628-D4086238A10C}.Debug|x64.ActiveCfg = Debug|x64
		{A7831ADC-EFD4-40BD-8628-D4086238A10C}.Debug|x64.Build.0 = Debug|x64
		{A7831ADC-EFD4-40BD-8628-D4086238A10C}.Debug|x86.ActiveCfg = Debug|Win32
		{A7831ADC-EFD4-40BD-8628-D4086238A10C}.Debug|x86.Build.0 = Debug|Win32
		{A7831ADC-EFD4-40BD-8628-D4086238A10C}.Release|x64.ActiveCfg = Release|x64
		{A7831ADC-EFD4-40BD-8628-D4086238A10C}.Release|x64.Build.0 = Release|x64
		{A7831ADC-EFD4-40BD-8628-D4086238A10C}.Release|x86.ActiveCfg = Release|Win32
		{A7831ADC-EFD4-40BD-8628-D4086238A10C}.Release|x86.Build.0 = Release|Win32
		{213C2C3B-257E-493E-A285-838B83FB82D4}.Debug|x64.ActiveCfg = Debug|x64
		{213C2C3B-257E-493E-A285-838B83FB82D4}.Debug|x64.Build.0 = Debug|x64
		{213C2C3B-257E-493E-A285-838B83FB82D4}.Debug|x86.ActiveCfg = Debug|Win32
		{213C2C3B-257E-493E-A285-838B83FB82D4}.Debug|x86.Build.0 = Debug|Win32
		{213C2C3B-257E-493E-A285-838B83FB82D4}.Release|x64.ActiveCfg = Release|x64
		{213C2C3B-257E-493E-A285-838B83FB82D4}.Release|x64.Build.0 = Release|x64
		{213C2C3B-257E-493E-A285-838B83FB82D4}.Release|x86.ActiveCfg = Release|Win32
		{213C2C3B-257E-493E-A285-838B83FB82D4}.Release|x86.Build.0 = Release|Win32
		{378CE89A-D3CC-4D0C-B5B5-D22614F863B7}.Debug|x64.ActiveCfg = Debug|x64
		{378CE89A-D3CC-4D0C-B5B5-D22614F863B7}.Debug|x64.Build.0 = Debug|x64
		{378CE89A-D3CC-4D0C-B5B5-D22614F863B7}.Debug|x86.ActiveCfg = Debug|Win32
		{378CE89A-D3CC-4D0C-B5B5-D22614F863B7}.Debug|x86.Build.0 = Debug|Win32
		{378CE89A-D3CC-4D0C-B5B5-D22614F863B7}.Release|x64.ActiveCfg = Release|x64
		{378CE89A-D3CC-4D0C-B5B5-D22614F863B7}.Release|x64.Build.0 = Release|x64
		{378CE89A-D3CC-4D0C-B5B5-D22614F863B7}.Release|x86.ActiveCfg = Release|Win32
		{378CE89A-D3CC-4D0C-B5B5-D22614F863B7}.Release|x86.Build.0 = Release|Win32
	EndGlobalSection
	GlobalSection(SolutionProperties) = preSolution
		HideSolutionNode = FALSE
	EndGlobalSection
	GlobalSection(ExtensibilityGlobals) = postSolution
		SolutionGuid = {78027109-9429-47EA-9C47-6771C49631B0}
	EndGlobalSection
EndGlobal
