
Microsoft Visual Studio Solution File, Format Version 12.00
# Visual Studio Version 16
VisualStudioVersion = 16.0.29920.165
MinimumVisualStudioVersion = 10.0.40219.1
Project("{8BC9CEB8-8B4A-11D0-8D11-00A0C91BC942}") = "Lab1Vjezba", "Lab1Vjezba\Lab1Vjezba.vcxproj", "{EE0B48E1-6D73-4E97-92ED-518F575087D3}"
EndProject
Project("{8BC9CEB8-8B4A-11D0-8D11-00A0C91BC942}") = "DrugiZad", "DrugiZad\DrugiZad.vcxproj", "{149789B2-EAAE-4EDB-B5BA-1D19314E88BF}"
EndProject
Project("{8BC9CEB8-8B4A-11D0-8D11-00A0C91BC942}") = "TreciZad", "TreciZad\TreciZad.vcxproj", "{0279BD85-56A7-447F-8F1D-A2AADA9A996E}"
EndProject
Global
	GlobalSection(SolutionConfigurationPlatforms) = preSolution
		Debug|x64 = Debug|x64
		Debug|x86 = Debug|x86
		Release|x64 = Release|x64
		Release|x86 = Release|x86
	EndGlobalSection
	GlobalSection(ProjectConfigurationPlatforms) = postSolution
		{EE0B48E1-6D73-4E97-92ED-518F575087D3}.Debug|x64.ActiveCfg = Debug|x64
		{EE0B48E1-6D73-4E97-92ED-518F575087D3}.Debug|x64.Build.0 = Debug|x64
		{EE0B48E1-6D73-4E97-92ED-518F575087D3}.Debug|x86.ActiveCfg = Debug|Win32
		{EE0B48E1-6D73-4E97-92ED-518F575087D3}.Debug|x86.Build.0 = Debug|Win32
		{EE0B48E1-6D73-4E97-92ED-518F575087D3}.Release|x64.ActiveCfg = Release|x64
		{EE0B48E1-6D73-4E97-92ED-518F575087D3}.Release|x64.Build.0 = Release|x64
		{EE0B48E1-6D73-4E97-92ED-518F575087D3}.Release|x86.ActiveCfg = Release|Win32
		{EE0B48E1-6D73-4E97-92ED-518F575087D3}.Release|x86.Build.0 = Release|Win32
		{149789B2-EAAE-4EDB-B5BA-1D19314E88BF}.Debug|x64.ActiveCfg = Debug|x64
		{149789B2-EAAE-4EDB-B5BA-1D19314E88BF}.Debug|x64.Build.0 = Debug|x64
		{149789B2-EAAE-4EDB-B5BA-1D19314E88BF}.Debug|x86.ActiveCfg = Debug|Win32
		{149789B2-EAAE-4EDB-B5BA-1D19314E88BF}.Debug|x86.Build.0 = Debug|Win32
		{149789B2-EAAE-4EDB-B5BA-1D19314E88BF}.Release|x64.ActiveCfg = Release|x64
		{149789B2-EAAE-4EDB-B5BA-1D19314E88BF}.Release|x64.Build.0 = Release|x64
		{149789B2-EAAE-4EDB-B5BA-1D19314E88BF}.Release|x86.ActiveCfg = Release|Win32
		{149789B2-EAAE-4EDB-B5BA-1D19314E88BF}.Release|x86.Build.0 = Release|Win32
		{0279BD85-56A7-447F-8F1D-A2AADA9A996E}.Debug|x64.ActiveCfg = Debug|x64
		{0279BD85-56A7-447F-8F1D-A2AADA9A996E}.Debug|x64.Build.0 = Debug|x64
		{0279BD85-56A7-447F-8F1D-A2AADA9A996E}.Debug|x86.ActiveCfg = Debug|Win32
		{0279BD85-56A7-447F-8F1D-A2AADA9A996E}.Debug|x86.Build.0 = Debug|Win32
		{0279BD85-56A7-447F-8F1D-A2AADA9A996E}.Release|x64.ActiveCfg = Release|x64
		{0279BD85-56A7-447F-8F1D-A2AADA9A996E}.Release|x64.Build.0 = Release|x64
		{0279BD85-56A7-447F-8F1D-A2AADA9A996E}.Release|x86.ActiveCfg = Release|Win32
		{0279BD85-56A7-447F-8F1D-A2AADA9A996E}.Release|x86.Build.0 = Release|Win32
	EndGlobalSection
	GlobalSection(SolutionProperties) = preSolution
		HideSolutionNode = FALSE
	EndGlobalSection
	GlobalSection(ExtensibilityGlobals) = postSolution
		SolutionGuid = {01B00259-897A-4725-8CFD-DBA4B0B34D1D}
	EndGlobalSection
EndGlobal
