
Microsoft Visual Studio Solution File, Format Version 12.00
# Visual Studio 15
VisualStudioVersion = 15.0.28307.1062
MinimumVisualStudioVersion = 10.0.40219.1
Project("{8BC9CEB8-8B4A-11D0-8D11-00A0C91BC942}") = "Predavanje2", "Predavanje2\Predavanje2.vcxproj", "{29068516-5321-4E16-9460-E89877F2E243}"
EndProject
Global
	GlobalSection(SolutionConfigurationPlatforms) = preSolution
		Debug|x64 = Debug|x64
		Debug|x86 = Debug|x86
		Release|x64 = Release|x64
		Release|x86 = Release|x86
	EndGlobalSection
	GlobalSection(ProjectConfigurationPlatforms) = postSolution
		{29068516-5321-4E16-9460-E89877F2E243}.Debug|x64.ActiveCfg = Debug|x64
		{29068516-5321-4E16-9460-E89877F2E243}.Debug|x64.Build.0 = Debug|x64
		{29068516-5321-4E16-9460-E89877F2E243}.Debug|x86.ActiveCfg = Debug|Win32
		{29068516-5321-4E16-9460-E89877F2E243}.Debug|x86.Build.0 = Debug|Win32
		{29068516-5321-4E16-9460-E89877F2E243}.Release|x64.ActiveCfg = Release|x64
		{29068516-5321-4E16-9460-E89877F2E243}.Release|x64.Build.0 = Release|x64
		{29068516-5321-4E16-9460-E89877F2E243}.Release|x86.ActiveCfg = Release|Win32
		{29068516-5321-4E16-9460-E89877F2E243}.Release|x86.Build.0 = Release|Win32
	EndGlobalSection
	GlobalSection(SolutionProperties) = preSolution
		HideSolutionNode = FALSE
	EndGlobalSection
	GlobalSection(ExtensibilityGlobals) = postSolution
		SolutionGuid = {4133CAAF-6C3A-4B25-8DB5-2B484BFFA3C3}
	EndGlobalSection
EndGlobal
